
Microsoft Visual Studio Solution File, Format Version 12.00
# Visual Studio Version 17
VisualStudioVersion = 17.3.32901.215
MinimumVisualStudioVersion = 10.0.40219.1
Project("{FAE04EC0-301F-11D3-BF4B-00C04F79EFBC}") = "WorkTools", "WorkTools\WorkTools.csproj", "{68562C03-F429-4FE0-882B-7B43DDD68419}"
EndProject
Project("{2150E333-8FDC-42A3-9474-1A3956D46DE8}") = "Modules", "Modules", "{17E2976A-692A-4B54-8856-0E8F7F4193C7}"
EndProject
Project("{FAE04EC0-301F-11D3-BF4B-00C04F79EFBC}") = "WorkTools.Infrastructure", "WorkTools.Infrastructure\WorkTools.Infrastructure.csproj", "{480A8C14-1474-4266-8CB4-2A3698C01F28}"
EndProject
Project("{FAE04EC0-301F-11D3-BF4B-00C04F79EFBC}") = "WorkTools.Modules.Android", "WorkTools.Modules.Android\WorkTools.Modules.Android.csproj", "{76DBCFB0-04F0-49A8-8BB2-792D730EBF47}"
EndProject
Project("{FAE04EC0-301F-11D3-BF4B-00C04F79EFBC}") = "WorkTools.Modules.Navigation", "WorkTools.Modules.Navigation\WorkTools.Modules.Navigation.csproj", "{904C62AF-1D79-4101-A008-67F622FAB455}"
EndProject
Project("{FAE04EC0-301F-11D3-BF4B-00C04F79EFBC}") = "WorkTools.Modules.Windows", "WorkTools.Modules.Windows\WorkTools.Modules.Windows.csproj", "{F2A16C65-B873-408F-ADD2-3E6AB2DA580B}"
EndProject
Global
	GlobalSection(SolutionConfigurationPlatforms) = preSolution
		Debug|Any CPU = Debug|Any CPU
		Release|Any CPU = Release|Any CPU
	EndGlobalSection
	GlobalSection(ProjectConfigurationPlatforms) = postSolution
		{68562C03-F429-4FE0-882B-7B43DDD68419}.Debug|Any CPU.ActiveCfg = Debug|Any CPU
		{68562C03-F429-4FE0-882B-7B43DDD68419}.Debug|Any CPU.Build.0 = Debug|Any CPU
		{68562C03-F429-4FE0-882B-7B43DDD68419}.Release|Any CPU.ActiveCfg = Release|Any CPU
		{68562C03-F429-4FE0-882B-7B43DDD68419}.Release|Any CPU.Build.0 = Release|Any CPU
		{480A8C14-1474-4266-8CB4-2A3698C01F28}.Debug|Any CPU.ActiveCfg = Debug|Any CPU
		{480A8C14-1474-4266-8CB4-2A3698C01F28}.Debug|Any CPU.Build.0 = Debug|Any CPU
		{480A8C14-1474-4266-8CB4-2A3698C01F28}.Release|Any CPU.ActiveCfg = Release|Any CPU
		{480A8C14-1474-4266-8CB4-2A3698C01F28}.Release|Any CPU.Build.0 = Release|Any CPU
		{76DBCFB0-04F0-49A8-8BB2-792D730EBF47}.Debug|Any CPU.ActiveCfg = Debug|Any CPU
		{76DBCFB0-04F0-49A8-8BB2-792D730EBF47}.Debug|Any CPU.Build.0 = Debug|Any CPU
		{76DBCFB0-04F0-49A8-8BB2-792D730EBF47}.Release|Any CPU.ActiveCfg = Release|Any CPU
		{76DBCFB0-04F0-49A8-8BB2-792D730EBF47}.Release|Any CPU.Build.0 = Release|Any CPU
		{904C62AF-1D79-4101-A008-67F622FAB455}.Debug|Any CPU.ActiveCfg = Debug|Any CPU
		{904C62AF-1D79-4101-A008-67F622FAB455}.Debug|Any CPU.Build.0 = Debug|Any CPU
		{904C62AF-1D79-4101-A008-67F622FAB455}.Release|Any CPU.ActiveCfg = Release|Any CPU
		{904C62AF-1D79-4101-A008-67F622FAB455}.Release|Any CPU.Build.0 = Release|Any CPU
		{F2A16C65-B873-408F-ADD2-3E6AB2DA580B}.Debug|Any CPU.ActiveCfg = Debug|Any CPU
		{F2A16C65-B873-408F-ADD2-3E6AB2DA580B}.Debug|Any CPU.Build.0 = Debug|Any CPU
		{F2A16C65-B873-408F-ADD2-3E6AB2DA580B}.Release|Any CPU.ActiveCfg = Release|Any CPU
		{F2A16C65-B873-408F-ADD2-3E6AB2DA580B}.Release|Any CPU.Build.0 = Release|Any CPU
	EndGlobalSection
	GlobalSection(SolutionProperties) = preSolution
		HideSolutionNode = FALSE
	EndGlobalSection
	GlobalSection(NestedProjects) = preSolution
		{76DBCFB0-04F0-49A8-8BB2-792D730EBF47} = {17E2976A-692A-4B54-8856-0E8F7F4193C7}
		{904C62AF-1D79-4101-A008-67F622FAB455} = {17E2976A-692A-4B54-8856-0E8F7F4193C7}
		{F2A16C65-B873-408F-ADD2-3E6AB2DA580B} = {17E2976A-692A-4B54-8856-0E8F7F4193C7}
	EndGlobalSection
	GlobalSection(ExtensibilityGlobals) = postSolution
		SolutionGuid = {29F429B5-6A8B-432D-8B5E-36DBD62DBDA6}
	EndGlobalSection
EndGlobal
